
Microsoft Visual Studio Solution File, Format Version 12.00
# Visual Studio 14
VisualStudioVersion = 14.0.24720.0
MinimumVisualStudioVersion = 10.0.40219.1
Project("{8BC9CEB8-8B4A-11D0-8D11-00A0C91BC942}") = "Blockster", "Blockster\Blockster.vcxproj", "{0AB290E7-A0AD-49CD-BE00-C7ED6655BE6D}"
EndProject
Global
	GlobalSection(SolutionConfigurationPlatforms) = preSolution
		Debug|x64 = Debug|x64
		Debug|x86 = Debug|x86
		Release|x64 = Release|x64
		Release|x86 = Release|x86
	EndGlobalSection
	GlobalSection(ProjectConfigurationPlatforms) = postSolution
		{0AB290E7-A0AD-49CD-BE00-C7ED6655BE6D}.Debug|x64.ActiveCfg = Debug|x64
		{0AB290E7-A0AD-49CD-BE00-C7ED6655BE6D}.Debug|x64.Build.0 = Debug|x64
		{0AB290E7-A0AD-49CD-BE00-C7ED6655BE6D}.Debug|x86.ActiveCfg = Debug|Win32
		{0AB290E7-A0AD-49CD-BE00-C7ED6655BE6D}.Debug|x86.Build.0 = Debug|Win32
		{0AB290E7-A0AD-49CD-BE00-C7ED6655BE6D}.Release|x64.ActiveCfg = Release|x64
		{0AB290E7-A0AD-49CD-BE00-C7ED6655BE6D}.Release|x64.Build.0 = Release|x64
		{0AB290E7-A0AD-49CD-BE00-C7ED6655BE6D}.Release|x86.ActiveCfg = Release|Win32
		{0AB290E7-A0AD-49CD-BE00-C7ED6655BE6D}.Release|x86.Build.0 = Release|Win32
	EndGlobalSection
	GlobalSection(SolutionProperties) = preSolution
		HideSolutionNode = FALSE
	EndGlobalSection
EndGlobal
